
Microsoft Visual Studio Solution File, Format Version 12.00
# Visual Studio Version 17
VisualStudioVersion = 17.0.31903.59
MinimumVisualStudioVersion = 10.0.40219.1
Project("{2150E333-8FDC-42A3-9474-1A3956D46DE8}") = "src", "src", "{A8CB0F3C-31D2-4882-88B8-2DFF8E9DEE94}"
EndProject
Project("{FAE04EC0-301F-11D3-BF4B-00C04F79EFBC}") = "Shawa.Bot.Api", "src\Shawa.Bot.Api\Shawa.Bot.Api.csproj", "{6820BFBC-25DB-4FCB-A90F-FFCD9DEF8184}"
EndProject
Global
	GlobalSection(SolutionConfigurationPlatforms) = preSolution
		Debug|Any CPU = Debug|Any CPU
		Release|Any CPU = Release|Any CPU
	EndGlobalSection
	GlobalSection(SolutionProperties) = preSolution
		HideSolutionNode = FALSE
	EndGlobalSection
	GlobalSection(ProjectConfigurationPlatforms) = postSolution
		{6820BFBC-25DB-4FCB-A90F-FFCD9DEF8184}.Debug|Any CPU.ActiveCfg = Debug|Any CPU
		{6820BFBC-25DB-4FCB-A90F-FFCD9DEF8184}.Debug|Any CPU.Build.0 = Debug|Any CPU
		{6820BFBC-25DB-4FCB-A90F-FFCD9DEF8184}.Release|Any CPU.ActiveCfg = Release|Any CPU
		{6820BFBC-25DB-4FCB-A90F-FFCD9DEF8184}.Release|Any CPU.Build.0 = Release|Any CPU
	EndGlobalSection
	GlobalSection(NestedProjects) = preSolution
		{6820BFBC-25DB-4FCB-A90F-FFCD9DEF8184} = {A8CB0F3C-31D2-4882-88B8-2DFF8E9DEE94}
	EndGlobalSection
EndGlobal
