
Microsoft Visual Studio Solution File, Format Version 12.00
# Visual Studio Version 17
VisualStudioVersion = 17.0.31903.59
MinimumVisualStudioVersion = 10.0.40219.1
Project("{2150E333-8FDC-42A3-9474-1A3956D46DE8}") = "src", "src", "{A8CB0F3C-31D2-4882-88B8-2DFF8E9DEE94}"
EndProject
Project("{FAE04EC0-301F-11D3-BF4B-00C04F79EFBC}") = "Shawa.Bot.Api", "src\Shawa.Bot.Api\Shawa.Bot.Api.csproj", "{6820BFBC-25DB-4FCB-A90F-FFCD9DEF8184}"
EndProject
Project("{FAE04EC0-301F-11D3-BF4B-00C04F79EFBC}") = "Shawa.Mattermost.Api", "src\Shawa.Mattermost.Api\Shawa.Mattermost.Api.csproj", "{F2CD48EA-4F0C-4FB4-AD5B-F67B2DCF26F6}"
EndProject
Project("{FAE04EC0-301F-11D3-BF4B-00C04F79EFBC}") = "Shawa.Api", "src\Shawa.Api\Shawa.Api.csproj", "{A0E83439-A359-415F-B404-6310B49E5B6C}"
EndProject
Project("{FAE04EC0-301F-11D3-BF4B-00C04F79EFBC}") = "Shawa.Core", "src\Shawa.Core\Shawa.Core.csproj", "{EE6A0A6B-CE4A-4C38-8DB4-C07E5F1BBA16}"
EndProject
Project("{FAE04EC0-301F-11D3-BF4B-00C04F79EFBC}") = "Shawa.Domain", "src\Shawa.Domain\Shawa.Domain.csproj", "{77BB3C84-E2A7-4AF1-8040-EC71456D9B7F}"
EndProject
Project("{FAE04EC0-301F-11D3-BF4B-00C04F79EFBC}") = "Shawa.Integration", "src\Shawa.Integration\Shawa.Integration.csproj", "{A9FE6844-5082-46B0-BE47-493C6AA1590E}"
EndProject
Global
	GlobalSection(SolutionConfigurationPlatforms) = preSolution
		Debug|Any CPU = Debug|Any CPU
		Release|Any CPU = Release|Any CPU
	EndGlobalSection
	GlobalSection(SolutionProperties) = preSolution
		HideSolutionNode = FALSE
	EndGlobalSection
	GlobalSection(ProjectConfigurationPlatforms) = postSolution
		{6820BFBC-25DB-4FCB-A90F-FFCD9DEF8184}.Debug|Any CPU.ActiveCfg = Debug|Any CPU
		{6820BFBC-25DB-4FCB-A90F-FFCD9DEF8184}.Debug|Any CPU.Build.0 = Debug|Any CPU
		{6820BFBC-25DB-4FCB-A90F-FFCD9DEF8184}.Release|Any CPU.ActiveCfg = Release|Any CPU
		{6820BFBC-25DB-4FCB-A90F-FFCD9DEF8184}.Release|Any CPU.Build.0 = Release|Any CPU
		{F2CD48EA-4F0C-4FB4-AD5B-F67B2DCF26F6}.Debug|Any CPU.ActiveCfg = Debug|Any CPU
		{F2CD48EA-4F0C-4FB4-AD5B-F67B2DCF26F6}.Debug|Any CPU.Build.0 = Debug|Any CPU
		{F2CD48EA-4F0C-4FB4-AD5B-F67B2DCF26F6}.Release|Any CPU.ActiveCfg = Release|Any CPU
		{F2CD48EA-4F0C-4FB4-AD5B-F67B2DCF26F6}.Release|Any CPU.Build.0 = Release|Any CPU
		{A0E83439-A359-415F-B404-6310B49E5B6C}.Debug|Any CPU.ActiveCfg = Debug|Any CPU
		{A0E83439-A359-415F-B404-6310B49E5B6C}.Debug|Any CPU.Build.0 = Debug|Any CPU
		{A0E83439-A359-415F-B404-6310B49E5B6C}.Release|Any CPU.ActiveCfg = Release|Any CPU
		{A0E83439-A359-415F-B404-6310B49E5B6C}.Release|Any CPU.Build.0 = Release|Any CPU
		{EE6A0A6B-CE4A-4C38-8DB4-C07E5F1BBA16}.Debug|Any CPU.ActiveCfg = Debug|Any CPU
		{EE6A0A6B-CE4A-4C38-8DB4-C07E5F1BBA16}.Debug|Any CPU.Build.0 = Debug|Any CPU
		{EE6A0A6B-CE4A-4C38-8DB4-C07E5F1BBA16}.Release|Any CPU.ActiveCfg = Release|Any CPU
		{EE6A0A6B-CE4A-4C38-8DB4-C07E5F1BBA16}.Release|Any CPU.Build.0 = Release|Any CPU
		{77BB3C84-E2A7-4AF1-8040-EC71456D9B7F}.Debug|Any CPU.ActiveCfg = Debug|Any CPU
		{77BB3C84-E2A7-4AF1-8040-EC71456D9B7F}.Debug|Any CPU.Build.0 = Debug|Any CPU
		{77BB3C84-E2A7-4AF1-8040-EC71456D9B7F}.Release|Any CPU.ActiveCfg = Release|Any CPU
		{77BB3C84-E2A7-4AF1-8040-EC71456D9B7F}.Release|Any CPU.Build.0 = Release|Any CPU
		{A9FE6844-5082-46B0-BE47-493C6AA1590E}.Debug|Any CPU.ActiveCfg = Debug|Any CPU
		{A9FE6844-5082-46B0-BE47-493C6AA1590E}.Debug|Any CPU.Build.0 = Debug|Any CPU
		{A9FE6844-5082-46B0-BE47-493C6AA1590E}.Release|Any CPU.ActiveCfg = Release|Any CPU
		{A9FE6844-5082-46B0-BE47-493C6AA1590E}.Release|Any CPU.Build.0 = Release|Any CPU
	EndGlobalSection
	GlobalSection(NestedProjects) = preSolution
		{6820BFBC-25DB-4FCB-A90F-FFCD9DEF8184} = {A8CB0F3C-31D2-4882-88B8-2DFF8E9DEE94}
		{F2CD48EA-4F0C-4FB4-AD5B-F67B2DCF26F6} = {A8CB0F3C-31D2-4882-88B8-2DFF8E9DEE94}
		{A0E83439-A359-415F-B404-6310B49E5B6C} = {A8CB0F3C-31D2-4882-88B8-2DFF8E9DEE94}
		{EE6A0A6B-CE4A-4C38-8DB4-C07E5F1BBA16} = {A8CB0F3C-31D2-4882-88B8-2DFF8E9DEE94}
		{77BB3C84-E2A7-4AF1-8040-EC71456D9B7F} = {A8CB0F3C-31D2-4882-88B8-2DFF8E9DEE94}
		{A9FE6844-5082-46B0-BE47-493C6AA1590E} = {A8CB0F3C-31D2-4882-88B8-2DFF8E9DEE94}
	EndGlobalSection
EndGlobal
